
Microsoft Visual Studio Solution File, Format Version 12.00
# Visual Studio 15
VisualStudioVersion = 15.0.28010.2046
MinimumVisualStudioVersion = 10.0.40219.1
Project("{FAE04EC0-301F-11D3-BF4B-00C04F79EFBC}") = "GearVR-Controller-To-Win", "GearVR-Controller-To-Win\GearVR-Controller-To-Win.csproj", "{FB253D3D-06B9-4ECE-A2BB-5BDDF788E9DD}"
EndProject
Global
	GlobalSection(SolutionConfigurationPlatforms) = preSolution
		Debug|Any CPU = Debug|Any CPU
		Release|Any CPU = Release|Any CPU
	EndGlobalSection
	GlobalSection(ProjectConfigurationPlatforms) = postSolution
		{FB253D3D-06B9-4ECE-A2BB-5BDDF788E9DD}.Debug|Any CPU.ActiveCfg = Debug|Any CPU
		{FB253D3D-06B9-4ECE-A2BB-5BDDF788E9DD}.Debug|Any CPU.Build.0 = Debug|Any CPU
		{FB253D3D-06B9-4ECE-A2BB-5BDDF788E9DD}.Release|Any CPU.ActiveCfg = Release|Any CPU
		{FB253D3D-06B9-4ECE-A2BB-5BDDF788E9DD}.Release|Any CPU.Build.0 = Release|Any CPU
	EndGlobalSection
	GlobalSection(SolutionProperties) = preSolution
		HideSolutionNode = FALSE
	EndGlobalSection
	GlobalSection(ExtensibilityGlobals) = postSolution
		SolutionGuid = {8CC47055-FAFA-4737-BFD1-F1EB701D2C3C}
	EndGlobalSection
EndGlobal
